
Microsoft Visual Studio Solution File, Format Version 12.00
# Visual Studio Version 17
VisualStudioVersion = 17.8.34316.72
MinimumVisualStudioVersion = 10.0.40219.1
Project("{FAE04EC0-301F-11D3-BF4B-00C04F79EFBC}") = "Kata_Bowling", "Kata_Bowling\Kata_Bowling.csproj", "{B77F349A-2A2F-441C-B221-02933351CE26}"
EndProject
Global
	GlobalSection(SolutionConfigurationPlatforms) = preSolution
		Debug|Any CPU = Debug|Any CPU
		Release|Any CPU = Release|Any CPU
	EndGlobalSection
	GlobalSection(ProjectConfigurationPlatforms) = postSolution
		{B77F349A-2A2F-441C-B221-02933351CE26}.Debug|Any CPU.ActiveCfg = Debug|Any CPU
		{B77F349A-2A2F-441C-B221-02933351CE26}.Debug|Any CPU.Build.0 = Debug|Any CPU
		{B77F349A-2A2F-441C-B221-02933351CE26}.Release|Any CPU.ActiveCfg = Release|Any CPU
		{B77F349A-2A2F-441C-B221-02933351CE26}.Release|Any CPU.Build.0 = Release|Any CPU
	EndGlobalSection
	GlobalSection(SolutionProperties) = preSolution
		HideSolutionNode = FALSE
	EndGlobalSection
	GlobalSection(ExtensibilityGlobals) = postSolution
		SolutionGuid = {4FCF3A39-D15F-435B-A71D-F54BB96619C1}
	EndGlobalSection
EndGlobal
